
Microsoft Visual Studio Solution File, Format Version 12.00
# Visual Studio 15
VisualStudioVersion = 15.0.26730.16
MinimumVisualStudioVersion = 10.0.40219.1
Project("{F2A71F9B-5D33-465A-A702-920D77279786}") = "QuadRope", "QuadRope\QuadRope.fsproj", "{465A801E-438B-4B5A-8EF1-658BDE154519}"
EndProject
Project("{F2A71F9B-5D33-465A-A702-920D77279786}") = "QuadRope.Test", "QuadRope.Test\QuadRope.Test.fsproj", "{6ACAAAE8-1533-4509-99EA-23A790003240}"
EndProject
Project("{FAE04EC0-301F-11D3-BF4B-00C04F79EFBC}") = "QuadRope.Object", "QuadRope.Object\QuadRope.Object.fsproj", "{BC657C2E-CE9E-4C64-AEDE-69E40BE45A87}"
EndProject
Project("{F2A71F9B-5D33-465A-A702-920D77279786}") = "QuadRope.Examples", "QuadRope.Examples\QuadRope.Examples.fsproj", "{9E096AF0-6965-4810-9B2E-1A57FD87496C}"
EndProject
Project("{F2A71F9B-5D33-465A-A702-920D77279786}") = "QuadRope.Benchmark", "QuadRope.Benchmark\QuadRope.Benchmark.fsproj", "{CA159E51-19BB-467C-B37A-B388112261FB}"
EndProject
Project("{F2A71F9B-5D33-465A-A702-920D77279786}") = "QuadRope.Benchmark64", "QuadRope.Benchmark\QuadRope.Benchmark64.fsproj", "{B0D50AB2-F125-4D95-AEC8-07A2C5CE95CB}"
EndProject
Global
	GlobalSection(SolutionConfigurationPlatforms) = preSolution
		Debug|Any CPU = Debug|Any CPU
		Release|Any CPU = Release|Any CPU
	EndGlobalSection
	GlobalSection(ProjectConfigurationPlatforms) = postSolution
		{465A801E-438B-4B5A-8EF1-658BDE154519}.Debug|Any CPU.ActiveCfg = Debug|Any CPU
		{465A801E-438B-4B5A-8EF1-658BDE154519}.Debug|Any CPU.Build.0 = Debug|Any CPU
		{465A801E-438B-4B5A-8EF1-658BDE154519}.Release|Any CPU.ActiveCfg = Release|Any CPU
		{465A801E-438B-4B5A-8EF1-658BDE154519}.Release|Any CPU.Build.0 = Release|Any CPU
		{6ACAAAE8-1533-4509-99EA-23A790003240}.Debug|Any CPU.ActiveCfg = Debug|Any CPU
		{6ACAAAE8-1533-4509-99EA-23A790003240}.Debug|Any CPU.Build.0 = Debug|Any CPU
		{6ACAAAE8-1533-4509-99EA-23A790003240}.Release|Any CPU.ActiveCfg = Release|Any CPU
		{6ACAAAE8-1533-4509-99EA-23A790003240}.Release|Any CPU.Build.0 = Release|Any CPU
		{BC657C2E-CE9E-4C64-AEDE-69E40BE45A87}.Debug|Any CPU.ActiveCfg = Debug|Any CPU
		{BC657C2E-CE9E-4C64-AEDE-69E40BE45A87}.Debug|Any CPU.Build.0 = Debug|Any CPU
		{BC657C2E-CE9E-4C64-AEDE-69E40BE45A87}.Release|Any CPU.ActiveCfg = Release|Any CPU
		{BC657C2E-CE9E-4C64-AEDE-69E40BE45A87}.Release|Any CPU.Build.0 = Release|Any CPU
		{9E096AF0-6965-4810-9B2E-1A57FD87496C}.Debug|Any CPU.ActiveCfg = Debug|Any CPU
		{9E096AF0-6965-4810-9B2E-1A57FD87496C}.Debug|Any CPU.Build.0 = Debug|Any CPU
		{9E096AF0-6965-4810-9B2E-1A57FD87496C}.Release|Any CPU.ActiveCfg = Release|Any CPU
		{9E096AF0-6965-4810-9B2E-1A57FD87496C}.Release|Any CPU.Build.0 = Release|Any CPU
		{CA159E51-19BB-467C-B37A-B388112261FB}.Debug|Any CPU.ActiveCfg = Debug|Any CPU
		{CA159E51-19BB-467C-B37A-B388112261FB}.Debug|Any CPU.Build.0 = Debug|Any CPU
		{CA159E51-19BB-467C-B37A-B388112261FB}.Release|Any CPU.ActiveCfg = Release|Any CPU
		{CA159E51-19BB-467C-B37A-B388112261FB}.Release|Any CPU.Build.0 = Release|Any CPU
		{B0D50AB2-F125-4D95-AEC8-07A2C5CE95CB}.Debug|Any CPU.ActiveCfg = Debug|Any CPU
		{B0D50AB2-F125-4D95-AEC8-07A2C5CE95CB}.Debug|Any CPU.Build.0 = Debug|Any CPU
		{B0D50AB2-F125-4D95-AEC8-07A2C5CE95CB}.Release|Any CPU.ActiveCfg = Release|Any CPU
		{B0D50AB2-F125-4D95-AEC8-07A2C5CE95CB}.Release|Any CPU.Build.0 = Release|Any CPU
	EndGlobalSection
	GlobalSection(SolutionProperties) = preSolution
		HideSolutionNode = FALSE
	EndGlobalSection
	GlobalSection(ExtensibilityGlobals) = postSolution
		SolutionGuid = {E020C5C1-93F6-404C-9B98-D6D6A61A3B73}
	EndGlobalSection
EndGlobal
