
Microsoft Visual Studio Solution File, Format Version 12.00
# Visual Studio 14
VisualStudioVersion = 14.0.24720.0
MinimumVisualStudioVersion = 10.0.40219.1
Project("{F2A71F9B-5D33-465A-A702-920D77279786}") = "QuadRope", "QuadRope\QuadRope.fsproj", "{465A801E-438B-4B5A-8EF1-658BDE154519}"
EndProject
Project("{F2A71F9B-5D33-465A-A702-920D77279786}") = "QuadRope.Test", "QuadRope.Test\QuadRope.Test.fsproj", "{6ACAAAE8-1533-4509-99EA-23A790003240}"
EndProject
Project("{FAE04EC0-301F-11D3-BF4B-00C04F79EFBC}") = "QuadRope.Benchmark", "QuadRope.Benchmark\QuadRope.Benchmark.csproj", "{D08E5A80-8D18-4B24-A9EE-C8648ED32E62}"
	ProjectSection(ProjectDependencies) = postProject
		{465A801E-438B-4B5A-8EF1-658BDE154519} = {465A801E-438B-4B5A-8EF1-658BDE154519}
	EndProjectSection
EndProject
Global
	GlobalSection(SolutionConfigurationPlatforms) = preSolution
		Debug|Any CPU = Debug|Any CPU
		Release|Any CPU = Release|Any CPU
	EndGlobalSection
	GlobalSection(ProjectConfigurationPlatforms) = postSolution
		{465A801E-438B-4B5A-8EF1-658BDE154519}.Debug|Any CPU.ActiveCfg = Debug|Any CPU
		{465A801E-438B-4B5A-8EF1-658BDE154519}.Debug|Any CPU.Build.0 = Debug|Any CPU
		{465A801E-438B-4B5A-8EF1-658BDE154519}.Release|Any CPU.ActiveCfg = Release|Any CPU
		{465A801E-438B-4B5A-8EF1-658BDE154519}.Release|Any CPU.Build.0 = Release|Any CPU
		{6ACAAAE8-1533-4509-99EA-23A790003240}.Debug|Any CPU.ActiveCfg = Debug|Any CPU
		{6ACAAAE8-1533-4509-99EA-23A790003240}.Debug|Any CPU.Build.0 = Debug|Any CPU
		{6ACAAAE8-1533-4509-99EA-23A790003240}.Release|Any CPU.ActiveCfg = Release|Any CPU
		{6ACAAAE8-1533-4509-99EA-23A790003240}.Release|Any CPU.Build.0 = Release|Any CPU
		{D08E5A80-8D18-4B24-A9EE-C8648ED32E62}.Debug|Any CPU.ActiveCfg = Debug|Any CPU
		{D08E5A80-8D18-4B24-A9EE-C8648ED32E62}.Debug|Any CPU.Build.0 = Debug|Any CPU
		{D08E5A80-8D18-4B24-A9EE-C8648ED32E62}.Release|Any CPU.ActiveCfg = Release|Any CPU
		{D08E5A80-8D18-4B24-A9EE-C8648ED32E62}.Release|Any CPU.Build.0 = Release|Any CPU
	EndGlobalSection
	GlobalSection(SolutionProperties) = preSolution
		HideSolutionNode = FALSE
	EndGlobalSection
EndGlobal
